
Microsoft Visual Studio Solution File, Format Version 12.00
# Visual Studio 14
VisualStudioVersion = 14.0.25420.1
MinimumVisualStudioVersion = 10.0.40219.1
Project("{F184B08F-C81C-45F6-A57F-5ABD9991F28F}") = "ProyectoFPBasico", "ProyectoFPBasico\ProyectoFPBasico.vbproj", "{CCFAB680-2BD1-4A19-884A-6CA729424DBC}"
EndProject
Project("{F184B08F-C81C-45F6-A57F-5ABD9991F28F}") = "BibliotecaProyecto", "BibliotecaProyecto\BibliotecaProyecto.vbproj", "{F54D6960-157A-401C-A87A-4F7F8768B548}"
EndProject
Global
	GlobalSection(SolutionConfigurationPlatforms) = preSolution
		Debug|Any CPU = Debug|Any CPU
		Release|Any CPU = Release|Any CPU
	EndGlobalSection
	GlobalSection(ProjectConfigurationPlatforms) = postSolution
		{CCFAB680-2BD1-4A19-884A-6CA729424DBC}.Debug|Any CPU.ActiveCfg = Debug|Any CPU
		{CCFAB680-2BD1-4A19-884A-6CA729424DBC}.Debug|Any CPU.Build.0 = Debug|Any CPU
		{CCFAB680-2BD1-4A19-884A-6CA729424DBC}.Release|Any CPU.ActiveCfg = Release|Any CPU
		{CCFAB680-2BD1-4A19-884A-6CA729424DBC}.Release|Any CPU.Build.0 = Release|Any CPU
		{F54D6960-157A-401C-A87A-4F7F8768B548}.Debug|Any CPU.ActiveCfg = Debug|Any CPU
		{F54D6960-157A-401C-A87A-4F7F8768B548}.Debug|Any CPU.Build.0 = Debug|Any CPU
		{F54D6960-157A-401C-A87A-4F7F8768B548}.Release|Any CPU.ActiveCfg = Release|Any CPU
		{F54D6960-157A-401C-A87A-4F7F8768B548}.Release|Any CPU.Build.0 = Release|Any CPU
	EndGlobalSection
	GlobalSection(SolutionProperties) = preSolution
		HideSolutionNode = FALSE
	EndGlobalSection
EndGlobal
